// !$*UTF8*$!
{
	archiveVersion = 1;
	classes = {
	};
	objectVersion = 55;
	objects = {

/* Begin PBXBuildFile section */
		45229FAE2883D64400EF150F /* ProfileHeaderView.swift in Sources */ = {isa = PBXBuildFile; fileRef = 45229FAD2883D64400EF150F /* ProfileHeaderView.swift */; };
		45229FB02883D66700EF150F /* ProfileViewController.swift in Sources */ = {isa = PBXBuildFile; fileRef = 45229FAF2883D66700EF150F /* ProfileViewController.swift */; };
		45229FB22883FA6900EF150F /* LogInViewController.swift in Sources */ = {isa = PBXBuildFile; fileRef = 45229FB12883FA6900EF150F /* LogInViewController.swift */; };
		45229FB92884386700EF150F /* PostModel.swift in Sources */ = {isa = PBXBuildFile; fileRef = 45229FB82884386700EF150F /* PostModel.swift */; };
		45229FBB28843E0400EF150F /* PostCell.swift in Sources */ = {isa = PBXBuildFile; fileRef = 45229FBA28843E0400EF150F /* PostCell.swift */; };
		45229FC028846AAF00EF150F /* PhotosTableViewCell.swift in Sources */ = {isa = PBXBuildFile; fileRef = 45229FBF28846AAF00EF150F /* PhotosTableViewCell.swift */; };
		45229FC22884777000EF150F /* PhotosViewController.swift in Sources */ = {isa = PBXBuildFile; fileRef = 45229FC12884777000EF150F /* PhotosViewController.swift */; };
		45229FC428847BB400EF150F /* PhotosCollectionViewCell.swift in Sources */ = {isa = PBXBuildFile; fileRef = 45229FC328847BB400EF150F /* PhotosCollectionViewCell.swift */; };
		452852B42913C1B3008DD62C /* AuthorizationModel.swift in Sources */ = {isa = PBXBuildFile; fileRef = 452852B32913C1B3008DD62C /* AuthorizationModel.swift */; };
		4542CDE3291BB898000C95DB /* Realm in Frameworks */ = {isa = PBXBuildFile; productRef = 4542CDE2291BB898000C95DB /* Realm */; };
		4542CDE5291BB898000C95DB /* RealmSwift in Frameworks */ = {isa = PBXBuildFile; productRef = 4542CDE4291BB898000C95DB /* RealmSwift */; };
		4542CDE7291BE45C000C95DB /* RootTabBarViewControllerProtocol.swift in Sources */ = {isa = PBXBuildFile; fileRef = 4542CDE6291BE45C000C95DB /* RootTabBarViewControllerProtocol.swift */; };
		4542CDEA291BED7F000C95DB /* FavoritesViewController.swift in Sources */ = {isa = PBXBuildFile; fileRef = 4542CDE9291BED7F000C95DB /* FavoritesViewController.swift */; };
		4542CDEC291BEF0C000C95DB /* FavoritesCoordinator.swift in Sources */ = {isa = PBXBuildFile; fileRef = 4542CDEB291BEF0C000C95DB /* FavoritesCoordinator.swift */; };
		454FDE2928EC6A5F000F8986 /* ProfileViewModel.swift in Sources */ = {isa = PBXBuildFile; fileRef = 454FDE2828EC6A5F000F8986 /* ProfileViewModel.swift */; };
		457FAAE12896AB79007702B3 /* StorageService.h in Headers */ = {isa = PBXBuildFile; fileRef = 457FAAE02896AB79007702B3 /* StorageService.h */; settings = {ATTRIBUTES = (Public, ); }; };
		457FAAE42896AB79007702B3 /* StorageService.framework in Frameworks */ = {isa = PBXBuildFile; fileRef = 457FAADE2896AB79007702B3 /* StorageService.framework */; };
		457FAAE52896AB79007702B3 /* StorageService.framework in Embed Frameworks */ = {isa = PBXBuildFile; fileRef = 457FAADE2896AB79007702B3 /* StorageService.framework */; settings = {ATTRIBUTES = (CodeSignOnCopy, RemoveHeadersOnCopy, ); }; };
		457FAAEA2896AB8F007702B3 /* Post.swift in Sources */ = {isa = PBXBuildFile; fileRef = 45D3105A2725B0A40034F6A2 /* Post.swift */; };
		458198B728EAC47700A5C852 /* CustomButton.swift in Sources */ = {isa = PBXBuildFile; fileRef = 458198B628EAC47700A5C852 /* CustomButton.swift */; };
		458198B928EAE5BA00A5C852 /* FeedModel.swift in Sources */ = {isa = PBXBuildFile; fileRef = 458198B828EAE5BA00A5C852 /* FeedModel.swift */; };
		458198BC28EB2C1C00A5C852 /* RootTabBarViewController.swift in Sources */ = {isa = PBXBuildFile; fileRef = 458198BB28EB2C1C00A5C852 /* RootTabBarViewController.swift */; };
		458198BE28EB2C6F00A5C852 /* Factory.swift in Sources */ = {isa = PBXBuildFile; fileRef = 458198BD28EB2C6F00A5C852 /* Factory.swift */; };
		458198C028EB2E8B00A5C852 /* ProfileCoordinator.swift in Sources */ = {isa = PBXBuildFile; fileRef = 458198BF28EB2E8B00A5C852 /* ProfileCoordinator.swift */; };
		458198C228EB2EA800A5C852 /* FeedCoordinator.swift in Sources */ = {isa = PBXBuildFile; fileRef = 458198C128EB2EA800A5C852 /* FeedCoordinator.swift */; };
		458198C528EB312F00A5C852 /* MainCoordinator.swift in Sources */ = {isa = PBXBuildFile; fileRef = 458198C428EB312F00A5C852 /* MainCoordinator.swift */; };
		45A72954288BE92200107918 /* ProfileRepository.swift in Sources */ = {isa = PBXBuildFile; fileRef = 45A72953288BE92200107918 /* ProfileRepository.swift */; };
		45AD682928E1F51600E44A20 /* User.swift in Sources */ = {isa = PBXBuildFile; fileRef = 45AD682828E1F51600E44A20 /* User.swift */; };
		45AD682B28E1F59500E44A20 /* UserServiceProtocol.swift in Sources */ = {isa = PBXBuildFile; fileRef = 45AD682A28E1F59500E44A20 /* UserServiceProtocol.swift */; };
		45AD682D28E1F5F300E44A20 /* CurrentUserService.swift in Sources */ = {isa = PBXBuildFile; fileRef = 45AD682C28E1F5F300E44A20 /* CurrentUserService.swift */; };
		45AD682F28E2057400E44A20 /* TestUserService.swift in Sources */ = {isa = PBXBuildFile; fileRef = 45AD682E28E2057400E44A20 /* TestUserService.swift */; };
		45CA0708290D3770009D0815 /* GoogleService-Info.plist in Resources */ = {isa = PBXBuildFile; fileRef = 45CA0707290D3770009D0815 /* GoogleService-Info.plist */; };
		45CA070B290D3978009D0815 /* FirebaseAnalytics in Frameworks */ = {isa = PBXBuildFile; productRef = 45CA070A290D3978009D0815 /* FirebaseAnalytics */; };
		45CA070D290D3978009D0815 /* FirebaseAuth in Frameworks */ = {isa = PBXBuildFile; productRef = 45CA070C290D3978009D0815 /* FirebaseAuth */; };
		45CA070F290D3978009D0815 /* FirebaseCrashlytics in Frameworks */ = {isa = PBXBuildFile; productRef = 45CA070E290D3978009D0815 /* FirebaseCrashlytics */; };
		45CA0711290D3978009D0815 /* FirebaseDatabase in Frameworks */ = {isa = PBXBuildFile; productRef = 45CA0710290D3978009D0815 /* FirebaseDatabase */; };
		45CA0713290D3978009D0815 /* FirebaseFirestore in Frameworks */ = {isa = PBXBuildFile; productRef = 45CA0712290D3978009D0815 /* FirebaseFirestore */; };
		45CA0715290D3978009D0815 /* FirebaseStorage in Frameworks */ = {isa = PBXBuildFile; productRef = 45CA0714290D3978009D0815 /* FirebaseStorage */; };
		45CA0717290D3C27009D0815 /* LoginView.swift in Sources */ = {isa = PBXBuildFile; fileRef = 45CA0716290D3C27009D0815 /* LoginView.swift */; };
		45CA0721290D5F2E009D0815 /* CheckerService.swift in Sources */ = {isa = PBXBuildFile; fileRef = 45CA0720290D5F2E009D0815 /* CheckerService.swift */; };
		45CA0723290D5F51009D0815 /* CheckerServiceProtocol.swift in Sources */ = {isa = PBXBuildFile; fileRef = 45CA0722290D5F51009D0815 /* CheckerServiceProtocol.swift */; };
		45CA0727290E4DCA009D0815 /* FirebaseAuthorization.swift in Sources */ = {isa = PBXBuildFile; fileRef = 45CA0726290E4DCA009D0815 /* FirebaseAuthorization.swift */; };
		45D31039272581B50034F6A2 /* AppDelegate.swift in Sources */ = {isa = PBXBuildFile; fileRef = 45D31038272581B50034F6A2 /* AppDelegate.swift */; };
		45D3103B272581B50034F6A2 /* SceneDelegate.swift in Sources */ = {isa = PBXBuildFile; fileRef = 45D3103A272581B50034F6A2 /* SceneDelegate.swift */; };
		45D3103D272581B50034F6A2 /* ViewController.swift in Sources */ = {isa = PBXBuildFile; fileRef = 45D3103C272581B50034F6A2 /* ViewController.swift */; };
		45D31042272581B60034F6A2 /* Assets.xcassets in Resources */ = {isa = PBXBuildFile; fileRef = 45D31041272581B60034F6A2 /* Assets.xcassets */; };
		45D31045272581B60034F6A2 /* LaunchScreen.storyboard in Resources */ = {isa = PBXBuildFile; fileRef = 45D31043272581B60034F6A2 /* LaunchScreen.storyboard */; };
		45D3104D272588D70034F6A2 /* TabBarController.swift in Sources */ = {isa = PBXBuildFile; fileRef = 45D3104C272588D70034F6A2 /* TabBarController.swift */; };
		45D3105127259BDC0034F6A2 /* FeedViewController.swift in Sources */ = {isa = PBXBuildFile; fileRef = 45D3105027259BDC0034F6A2 /* FeedViewController.swift */; };
		45D3105527259D0F0034F6A2 /* PostViewController.swift in Sources */ = {isa = PBXBuildFile; fileRef = 45D3105427259D0F0034F6A2 /* PostViewController.swift */; };
		45D310572725A7CB0034F6A2 /* FeedView.swift in Sources */ = {isa = PBXBuildFile; fileRef = 45D310562725A7CB0034F6A2 /* FeedView.swift */; };
		45D3105D2725B3690034F6A2 /* InfoViewController.swift in Sources */ = {isa = PBXBuildFile; fileRef = 45D3105C2725B3690034F6A2 /* InfoViewController.swift */; };
		45D3105F2725B6120034F6A2 /* InfoView.swift in Sources */ = {isa = PBXBuildFile; fileRef = 45D3105E2725B6120034F6A2 /* InfoView.swift */; };
		45DFB8DD290AE26200702567 /* NetworkManager.swift in Sources */ = {isa = PBXBuildFile; fileRef = 45DFB8DC290AE26200702567 /* NetworkManager.swift */; };
		45DFB8DF290AF94500702567 /* AppConfiguration.swift in Sources */ = {isa = PBXBuildFile; fileRef = 45DFB8DE290AF94500702567 /* AppConfiguration.swift */; };
		45DFB8E3290BDC8C00702567 /* NetworkError.swift in Sources */ = {isa = PBXBuildFile; fileRef = 45DFB8E2290BDC8C00702567 /* NetworkError.swift */; };
		45DFB8E5290BEAA000702567 /* PlanetModel.swift in Sources */ = {isa = PBXBuildFile; fileRef = 45DFB8E4290BEAA000702567 /* PlanetModel.swift */; };
		45DFB8E8290BEFC200702567 /* PlanetResidentsViewController.swift in Sources */ = {isa = PBXBuildFile; fileRef = 45DFB8E7290BEFC200702567 /* PlanetResidentsViewController.swift */; };
		45DFB8EA290C137C00702567 /* ResidentModel.swift in Sources */ = {isa = PBXBuildFile; fileRef = 45DFB8E9290C137C00702567 /* ResidentModel.swift */; };
		45E949D028E4560B00C48419 /* Checker.swift in Sources */ = {isa = PBXBuildFile; fileRef = 45E949CF28E4560B00C48419 /* Checker.swift */; };
		45E949D328E4573A00C48419 /* LoginViewControllerDelegate.swift in Sources */ = {isa = PBXBuildFile; fileRef = 45E949D228E4573A00C48419 /* LoginViewControllerDelegate.swift */; };
		45E949D528E457FA00C48419 /* LoginInspector.swift in Sources */ = {isa = PBXBuildFile; fileRef = 45E949D428E457FA00C48419 /* LoginInspector.swift */; };
		45E949D728E4644200C48419 /* MyLoginFactory.swift in Sources */ = {isa = PBXBuildFile; fileRef = 45E949D628E4644200C48419 /* MyLoginFactory.swift */; };
		45F535A728E71EDC0027686A /* iOSIntPackage in Frameworks */ = {isa = PBXBuildFile; productRef = 45F535A628E71EDC0027686A /* iOSIntPackage */; };
/* End PBXBuildFile section */

/* Begin PBXContainerItemProxy section */
		457FAAE22896AB79007702B3 /* PBXContainerItemProxy */ = {
			isa = PBXContainerItemProxy;
			containerPortal = 45D3102D272581B50034F6A2 /* Project object */;
			proxyType = 1;
			remoteGlobalIDString = 457FAADD2896AB79007702B3;
			remoteInfo = StorageService;
		};
/* End PBXContainerItemProxy section */

/* Begin PBXCopyFilesBuildPhase section */
		457FAAE62896AB79007702B3 /* Embed Frameworks */ = {
			isa = PBXCopyFilesBuildPhase;
			buildActionMask = 2147483647;
			dstPath = "";
			dstSubfolderSpec = 10;
			files = (
				457FAAE52896AB79007702B3 /* StorageService.framework in Embed Frameworks */,
			);
			name = "Embed Frameworks";
			runOnlyForDeploymentPostprocessing = 0;
		};
/* End PBXCopyFilesBuildPhase section */

/* Begin PBXFileReference section */
		45229FAD2883D64400EF150F /* ProfileHeaderView.swift */ = {isa = PBXFileReference; lastKnownFileType = sourcecode.swift; path = ProfileHeaderView.swift; sourceTree = "<group>"; };
		45229FAF2883D66700EF150F /* ProfileViewController.swift */ = {isa = PBXFileReference; lastKnownFileType = sourcecode.swift; path = ProfileViewController.swift; sourceTree = "<group>"; };
		45229FB12883FA6900EF150F /* LogInViewController.swift */ = {isa = PBXFileReference; lastKnownFileType = sourcecode.swift; path = LogInViewController.swift; sourceTree = "<group>"; };
		45229FB82884386700EF150F /* PostModel.swift */ = {isa = PBXFileReference; lastKnownFileType = sourcecode.swift; path = PostModel.swift; sourceTree = "<group>"; };
		45229FBA28843E0400EF150F /* PostCell.swift */ = {isa = PBXFileReference; lastKnownFileType = sourcecode.swift; path = PostCell.swift; sourceTree = "<group>"; };
		45229FBF28846AAF00EF150F /* PhotosTableViewCell.swift */ = {isa = PBXFileReference; lastKnownFileType = sourcecode.swift; path = PhotosTableViewCell.swift; sourceTree = "<group>"; };
		45229FC12884777000EF150F /* PhotosViewController.swift */ = {isa = PBXFileReference; lastKnownFileType = sourcecode.swift; path = PhotosViewController.swift; sourceTree = "<group>"; };
		45229FC328847BB400EF150F /* PhotosCollectionViewCell.swift */ = {isa = PBXFileReference; lastKnownFileType = sourcecode.swift; path = PhotosCollectionViewCell.swift; sourceTree = "<group>"; };
		452852B32913C1B3008DD62C /* AuthorizationModel.swift */ = {isa = PBXFileReference; lastKnownFileType = sourcecode.swift; path = AuthorizationModel.swift; sourceTree = "<group>"; };
		4542CDE6291BE45C000C95DB /* RootTabBarViewControllerProtocol.swift */ = {isa = PBXFileReference; lastKnownFileType = sourcecode.swift; path = RootTabBarViewControllerProtocol.swift; sourceTree = "<group>"; };
		4542CDE9291BED7F000C95DB /* FavoritesViewController.swift */ = {isa = PBXFileReference; lastKnownFileType = sourcecode.swift; path = FavoritesViewController.swift; sourceTree = "<group>"; };
		4542CDEB291BEF0C000C95DB /* FavoritesCoordinator.swift */ = {isa = PBXFileReference; lastKnownFileType = sourcecode.swift; path = FavoritesCoordinator.swift; sourceTree = "<group>"; };
		454FDE2828EC6A5F000F8986 /* ProfileViewModel.swift */ = {isa = PBXFileReference; lastKnownFileType = sourcecode.swift; path = ProfileViewModel.swift; sourceTree = "<group>"; };
		457FAADE2896AB79007702B3 /* StorageService.framework */ = {isa = PBXFileReference; explicitFileType = wrapper.framework; includeInIndex = 0; path = StorageService.framework; sourceTree = BUILT_PRODUCTS_DIR; };
		457FAAE02896AB79007702B3 /* StorageService.h */ = {isa = PBXFileReference; lastKnownFileType = sourcecode.c.h; path = StorageService.h; sourceTree = "<group>"; };
		458198B628EAC47700A5C852 /* CustomButton.swift */ = {isa = PBXFileReference; lastKnownFileType = sourcecode.swift; path = CustomButton.swift; sourceTree = "<group>"; };
		458198B828EAE5BA00A5C852 /* FeedModel.swift */ = {isa = PBXFileReference; lastKnownFileType = sourcecode.swift; path = FeedModel.swift; sourceTree = "<group>"; };
		458198BB28EB2C1C00A5C852 /* RootTabBarViewController.swift */ = {isa = PBXFileReference; lastKnownFileType = sourcecode.swift; path = RootTabBarViewController.swift; sourceTree = "<group>"; };
		458198BD28EB2C6F00A5C852 /* Factory.swift */ = {isa = PBXFileReference; lastKnownFileType = sourcecode.swift; path = Factory.swift; sourceTree = "<group>"; };
		458198BF28EB2E8B00A5C852 /* ProfileCoordinator.swift */ = {isa = PBXFileReference; lastKnownFileType = sourcecode.swift; path = ProfileCoordinator.swift; sourceTree = "<group>"; };
		458198C128EB2EA800A5C852 /* FeedCoordinator.swift */ = {isa = PBXFileReference; lastKnownFileType = sourcecode.swift; path = FeedCoordinator.swift; sourceTree = "<group>"; };
		458198C428EB312F00A5C852 /* MainCoordinator.swift */ = {isa = PBXFileReference; lastKnownFileType = sourcecode.swift; path = MainCoordinator.swift; sourceTree = "<group>"; };
		45A72953288BE92200107918 /* ProfileRepository.swift */ = {isa = PBXFileReference; lastKnownFileType = sourcecode.swift; path = ProfileRepository.swift; sourceTree = "<group>"; };
		45AD682828E1F51600E44A20 /* User.swift */ = {isa = PBXFileReference; lastKnownFileType = sourcecode.swift; path = User.swift; sourceTree = "<group>"; };
		45AD682A28E1F59500E44A20 /* UserServiceProtocol.swift */ = {isa = PBXFileReference; lastKnownFileType = sourcecode.swift; path = UserServiceProtocol.swift; sourceTree = "<group>"; };
		45AD682C28E1F5F300E44A20 /* CurrentUserService.swift */ = {isa = PBXFileReference; lastKnownFileType = sourcecode.swift; path = CurrentUserService.swift; sourceTree = "<group>"; };
		45AD682E28E2057400E44A20 /* TestUserService.swift */ = {isa = PBXFileReference; lastKnownFileType = sourcecode.swift; path = TestUserService.swift; sourceTree = "<group>"; };
		45CA0707290D3770009D0815 /* GoogleService-Info.plist */ = {isa = PBXFileReference; fileEncoding = 4; lastKnownFileType = text.plist.xml; path = "GoogleService-Info.plist"; sourceTree = "<group>"; };
		45CA0716290D3C27009D0815 /* LoginView.swift */ = {isa = PBXFileReference; lastKnownFileType = sourcecode.swift; path = LoginView.swift; sourceTree = "<group>"; };
		45CA0720290D5F2E009D0815 /* CheckerService.swift */ = {isa = PBXFileReference; lastKnownFileType = sourcecode.swift; path = CheckerService.swift; sourceTree = "<group>"; };
		45CA0722290D5F51009D0815 /* CheckerServiceProtocol.swift */ = {isa = PBXFileReference; lastKnownFileType = sourcecode.swift; path = CheckerServiceProtocol.swift; sourceTree = "<group>"; };
		45CA0726290E4DCA009D0815 /* FirebaseAuthorization.swift */ = {isa = PBXFileReference; lastKnownFileType = sourcecode.swift; path = FirebaseAuthorization.swift; sourceTree = "<group>"; };
		45D31035272581B50034F6A2 /* Navigation.app */ = {isa = PBXFileReference; explicitFileType = wrapper.application; includeInIndex = 0; path = Navigation.app; sourceTree = BUILT_PRODUCTS_DIR; };
		45D31038272581B50034F6A2 /* AppDelegate.swift */ = {isa = PBXFileReference; lastKnownFileType = sourcecode.swift; path = AppDelegate.swift; sourceTree = "<group>"; };
		45D3103A272581B50034F6A2 /* SceneDelegate.swift */ = {isa = PBXFileReference; lastKnownFileType = sourcecode.swift; path = SceneDelegate.swift; sourceTree = "<group>"; };
		45D3103C272581B50034F6A2 /* ViewController.swift */ = {isa = PBXFileReference; lastKnownFileType = sourcecode.swift; path = ViewController.swift; sourceTree = "<group>"; };
		45D31041272581B60034F6A2 /* Assets.xcassets */ = {isa = PBXFileReference; lastKnownFileType = folder.assetcatalog; path = Assets.xcassets; sourceTree = "<group>"; };
		45D31044272581B60034F6A2 /* Base */ = {isa = PBXFileReference; lastKnownFileType = file.storyboard; name = Base; path = Base.lproj/LaunchScreen.storyboard; sourceTree = "<group>"; };
		45D31046272581B60034F6A2 /* Info.plist */ = {isa = PBXFileReference; lastKnownFileType = text.plist.xml; path = Info.plist; sourceTree = "<group>"; };
		45D3104C272588D70034F6A2 /* TabBarController.swift */ = {isa = PBXFileReference; lastKnownFileType = sourcecode.swift; path = TabBarController.swift; sourceTree = "<group>"; };
		45D3105027259BDC0034F6A2 /* FeedViewController.swift */ = {isa = PBXFileReference; lastKnownFileType = sourcecode.swift; path = FeedViewController.swift; sourceTree = "<group>"; };
		45D3105427259D0F0034F6A2 /* PostViewController.swift */ = {isa = PBXFileReference; lastKnownFileType = sourcecode.swift; path = PostViewController.swift; sourceTree = "<group>"; };
		45D310562725A7CB0034F6A2 /* FeedView.swift */ = {isa = PBXFileReference; lastKnownFileType = sourcecode.swift; path = FeedView.swift; sourceTree = "<group>"; };
		45D3105A2725B0A40034F6A2 /* Post.swift */ = {isa = PBXFileReference; lastKnownFileType = sourcecode.swift; path = Post.swift; sourceTree = "<group>"; };
		45D3105C2725B3690034F6A2 /* InfoViewController.swift */ = {isa = PBXFileReference; lastKnownFileType = sourcecode.swift; path = InfoViewController.swift; sourceTree = "<group>"; };
		45D3105E2725B6120034F6A2 /* InfoView.swift */ = {isa = PBXFileReference; lastKnownFileType = sourcecode.swift; path = InfoView.swift; sourceTree = "<group>"; };
		45DFB8DC290AE26200702567 /* NetworkManager.swift */ = {isa = PBXFileReference; lastKnownFileType = sourcecode.swift; path = NetworkManager.swift; sourceTree = "<group>"; };
		45DFB8DE290AF94500702567 /* AppConfiguration.swift */ = {isa = PBXFileReference; lastKnownFileType = sourcecode.swift; path = AppConfiguration.swift; sourceTree = "<group>"; };
		45DFB8E2290BDC8C00702567 /* NetworkError.swift */ = {isa = PBXFileReference; lastKnownFileType = sourcecode.swift; path = NetworkError.swift; sourceTree = "<group>"; };
		45DFB8E4290BEAA000702567 /* PlanetModel.swift */ = {isa = PBXFileReference; lastKnownFileType = sourcecode.swift; path = PlanetModel.swift; sourceTree = "<group>"; };
		45DFB8E7290BEFC200702567 /* PlanetResidentsViewController.swift */ = {isa = PBXFileReference; lastKnownFileType = sourcecode.swift; path = PlanetResidentsViewController.swift; sourceTree = "<group>"; };
		45DFB8E9290C137C00702567 /* ResidentModel.swift */ = {isa = PBXFileReference; lastKnownFileType = sourcecode.swift; path = ResidentModel.swift; sourceTree = "<group>"; };
		45E949CF28E4560B00C48419 /* Checker.swift */ = {isa = PBXFileReference; lastKnownFileType = sourcecode.swift; path = Checker.swift; sourceTree = "<group>"; };
		45E949D228E4573A00C48419 /* LoginViewControllerDelegate.swift */ = {isa = PBXFileReference; lastKnownFileType = sourcecode.swift; path = LoginViewControllerDelegate.swift; sourceTree = "<group>"; };
		45E949D428E457FA00C48419 /* LoginInspector.swift */ = {isa = PBXFileReference; lastKnownFileType = sourcecode.swift; path = LoginInspector.swift; sourceTree = "<group>"; };
		45E949D628E4644200C48419 /* MyLoginFactory.swift */ = {isa = PBXFileReference; lastKnownFileType = sourcecode.swift; path = MyLoginFactory.swift; sourceTree = "<group>"; };
/* End PBXFileReference section */

/* Begin PBXFrameworksBuildPhase section */
		457FAADB2896AB79007702B3 /* Frameworks */ = {
			isa = PBXFrameworksBuildPhase;
			buildActionMask = 2147483647;
			files = (
			);
			runOnlyForDeploymentPostprocessing = 0;
		};
		45D31032272581B50034F6A2 /* Frameworks */ = {
			isa = PBXFrameworksBuildPhase;
			buildActionMask = 2147483647;
			files = (
				45CA0711290D3978009D0815 /* FirebaseDatabase in Frameworks */,
				457FAAE42896AB79007702B3 /* StorageService.framework in Frameworks */,
				45F535A728E71EDC0027686A /* iOSIntPackage in Frameworks */,
				45CA070F290D3978009D0815 /* FirebaseCrashlytics in Frameworks */,
				45CA070B290D3978009D0815 /* FirebaseAnalytics in Frameworks */,
				45CA0715290D3978009D0815 /* FirebaseStorage in Frameworks */,
				4542CDE3291BB898000C95DB /* Realm in Frameworks */,
				45CA070D290D3978009D0815 /* FirebaseAuth in Frameworks */,
				4542CDE5291BB898000C95DB /* RealmSwift in Frameworks */,
				45CA0713290D3978009D0815 /* FirebaseFirestore in Frameworks */,
			);
			runOnlyForDeploymentPostprocessing = 0;
		};
/* End PBXFrameworksBuildPhase section */

/* Begin PBXGroup section */
		45229FAC2883D63300EF150F /* Profile */ = {
			isa = PBXGroup;
			children = (
				458198BF28EB2E8B00A5C852 /* ProfileCoordinator.swift */,
				45229FBE28846AA100EF150F /* Cells */,
				45229FB72884385700EF150F /* ViewModel */,
				45229FAD2883D64400EF150F /* ProfileHeaderView.swift */,
				45229FAF2883D66700EF150F /* ProfileViewController.swift */,
				45A72953288BE92200107918 /* ProfileRepository.swift */,
				454FDE2828EC6A5F000F8986 /* ProfileViewModel.swift */,
			);
			path = Profile;
			sourceTree = "<group>";
		};
		45229FB72884385700EF150F /* ViewModel */ = {
			isa = PBXGroup;
			children = (
				45229FB82884386700EF150F /* PostModel.swift */,
			);
			path = ViewModel;
			sourceTree = "<group>";
		};
		45229FBE28846AA100EF150F /* Cells */ = {
			isa = PBXGroup;
			children = (
				45229FBA28843E0400EF150F /* PostCell.swift */,
			);
			path = Cells;
			sourceTree = "<group>";
		};
		452852B02913C14E008DD62C /* RealmManager */ = {
			isa = PBXGroup;
			children = (
				452852B32913C1B3008DD62C /* AuthorizationModel.swift */,
			);
			path = RealmManager;
			sourceTree = "<group>";
		};
		4542CDE8291BED66000C95DB /* FavoritesViewController */ = {
			isa = PBXGroup;
			children = (
				4542CDE9291BED7F000C95DB /* FavoritesViewController.swift */,
				4542CDEB291BEF0C000C95DB /* FavoritesCoordinator.swift */,
			);
			path = FavoritesViewController;
			sourceTree = "<group>";
		};
		454FDE2A28EC6AB7000F8986 /* PhotoGallery */ = {
			isa = PBXGroup;
			children = (
				45229FC12884777000EF150F /* PhotosViewController.swift */,
				45229FBF28846AAF00EF150F /* PhotosTableViewCell.swift */,
				45229FC328847BB400EF150F /* PhotosCollectionViewCell.swift */,
			);
			path = PhotoGallery;
			sourceTree = "<group>";
		};
		457FAADF2896AB79007702B3 /* StorageService */ = {
			isa = PBXGroup;
			children = (
				45D3105A2725B0A40034F6A2 /* Post.swift */,
				457FAAE02896AB79007702B3 /* StorageService.h */,
			);
			path = StorageService;
			sourceTree = "<group>";
		};
		458198B528EAC46A00A5C852 /* Views */ = {
			isa = PBXGroup;
			children = (
				458198B628EAC47700A5C852 /* CustomButton.swift */,
			);
			path = Views;
			sourceTree = "<group>";
		};
		458198BA28EB2B1100A5C852 /* RootTabBarViewController */ = {
			isa = PBXGroup;
			children = (
				458198BB28EB2C1C00A5C852 /* RootTabBarViewController.swift */,
				4542CDE6291BE45C000C95DB /* RootTabBarViewControllerProtocol.swift */,
				458198BD28EB2C6F00A5C852 /* Factory.swift */,
			);
			path = RootTabBarViewController;
			sourceTree = "<group>";
		};
		458198C328EB311C00A5C852 /* MainCoordinator */ = {
			isa = PBXGroup;
			children = (
				458198C428EB312F00A5C852 /* MainCoordinator.swift */,
			);
			path = MainCoordinator;
			sourceTree = "<group>";
		};
		45AD682728E1F50800E44A20 /* User */ = {
			isa = PBXGroup;
			children = (
				45AD682828E1F51600E44A20 /* User.swift */,
				45AD682A28E1F59500E44A20 /* UserServiceProtocol.swift */,
				45AD682C28E1F5F300E44A20 /* CurrentUserService.swift */,
				45AD682E28E2057400E44A20 /* TestUserService.swift */,
			);
			path = User;
			sourceTree = "<group>";
		};
		45CA0718290D3C2C009D0815 /* View */ = {
			isa = PBXGroup;
			children = (
				45CA0716290D3C27009D0815 /* LoginView.swift */,
			);
			path = View;
			sourceTree = "<group>";
		};
		45CA0719290D5605009D0815 /* Authorization */ = {
			isa = PBXGroup;
			children = (
				45CA0726290E4DCA009D0815 /* FirebaseAuthorization.swift */,
				45CA0720290D5F2E009D0815 /* CheckerService.swift */,
				45CA0722290D5F51009D0815 /* CheckerServiceProtocol.swift */,
				45E949D128E4571F00C48419 /* Login */,
			);
			path = Authorization;
			sourceTree = "<group>";
		};
		45D3102C272581B50034F6A2 = {
			isa = PBXGroup;
			children = (
				45D31037272581B50034F6A2 /* Navigation */,
				457FAADF2896AB79007702B3 /* StorageService */,
				45D31036272581B50034F6A2 /* Products */,
			);
			sourceTree = "<group>";
		};
		45D31036272581B50034F6A2 /* Products */ = {
			isa = PBXGroup;
			children = (
				45D31035272581B50034F6A2 /* Navigation.app */,
				457FAADE2896AB79007702B3 /* StorageService.framework */,
			);
			name = Products;
			sourceTree = "<group>";
		};
		45D31037272581B50034F6A2 /* Navigation */ = {
			isa = PBXGroup;
			children = (
				4542CDE8291BED66000C95DB /* FavoritesViewController */,
				452852B02913C14E008DD62C /* RealmManager */,
				45CA0719290D5605009D0815 /* Authorization */,
				454FDE2A28EC6AB7000F8986 /* PhotoGallery */,
				458198C328EB311C00A5C852 /* MainCoordinator */,
				458198BA28EB2B1100A5C852 /* RootTabBarViewController */,
				458198B528EAC46A00A5C852 /* Views */,
				45E949CE28E455F800C48419 /* Checker */,
				45AD682728E1F50800E44A20 /* User */,
				45229FAC2883D63300EF150F /* Profile */,
				45D310632725BBBE0034F6A2 /* InfoView */,
				45D310622725BBAD0034F6A2 /* FeedView */,
				45D310612725BB870034F6A2 /* PostView */,
				45DFB8DB290AE24E00702567 /* Network */,
				45D31038272581B50034F6A2 /* AppDelegate.swift */,
				45D3103A272581B50034F6A2 /* SceneDelegate.swift */,
				45D3103C272581B50034F6A2 /* ViewController.swift */,
				45D31041272581B60034F6A2 /* Assets.xcassets */,
				45D31043272581B60034F6A2 /* LaunchScreen.storyboard */,
				45D31046272581B60034F6A2 /* Info.plist */,
				45CA0707290D3770009D0815 /* GoogleService-Info.plist */,
				45D3104C272588D70034F6A2 /* TabBarController.swift */,
			);
			path = Navigation;
			sourceTree = "<group>";
		};
		45D310612725BB870034F6A2 /* PostView */ = {
			isa = PBXGroup;
			children = (
				45D3105427259D0F0034F6A2 /* PostViewController.swift */,
			);
			path = PostView;
			sourceTree = "<group>";
		};
		45D310622725BBAD0034F6A2 /* FeedView */ = {
			isa = PBXGroup;
			children = (
				45D3105027259BDC0034F6A2 /* FeedViewController.swift */,
				45D310562725A7CB0034F6A2 /* FeedView.swift */,
				458198B828EAE5BA00A5C852 /* FeedModel.swift */,
				458198C128EB2EA800A5C852 /* FeedCoordinator.swift */,
			);
			path = FeedView;
			sourceTree = "<group>";
		};
		45D310632725BBBE0034F6A2 /* InfoView */ = {
			isa = PBXGroup;
			children = (
				45DFB8E6290BEF9500702567 /* PlanetResidentsViewController */,
				45D3105C2725B3690034F6A2 /* InfoViewController.swift */,
				45D3105E2725B6120034F6A2 /* InfoView.swift */,
				45DFB8E4290BEAA000702567 /* PlanetModel.swift */,
			);
			path = InfoView;
			sourceTree = "<group>";
		};
		45DFB8DB290AE24E00702567 /* Network */ = {
			isa = PBXGroup;
			children = (
				45DFB8DC290AE26200702567 /* NetworkManager.swift */,
				45DFB8E2290BDC8C00702567 /* NetworkError.swift */,
				45DFB8DE290AF94500702567 /* AppConfiguration.swift */,
			);
			path = Network;
			sourceTree = "<group>";
		};
		45DFB8E6290BEF9500702567 /* PlanetResidentsViewController */ = {
			isa = PBXGroup;
			children = (
				45DFB8E7290BEFC200702567 /* PlanetResidentsViewController.swift */,
				45DFB8E9290C137C00702567 /* ResidentModel.swift */,
			);
			path = PlanetResidentsViewController;
			sourceTree = "<group>";
		};
		45E949CE28E455F800C48419 /* Checker */ = {
			isa = PBXGroup;
			children = (
				45E949CF28E4560B00C48419 /* Checker.swift */,
			);
			path = Checker;
			sourceTree = "<group>";
		};
		45E949D128E4571F00C48419 /* Login */ = {
			isa = PBXGroup;
			children = (
				45CA0718290D3C2C009D0815 /* View */,
				45229FB12883FA6900EF150F /* LogInViewController.swift */,
				45E949D228E4573A00C48419 /* LoginViewControllerDelegate.swift */,
				45E949D428E457FA00C48419 /* LoginInspector.swift */,
				45E949D628E4644200C48419 /* MyLoginFactory.swift */,
			);
			path = Login;
			sourceTree = "<group>";
		};
/* End PBXGroup section */

/* Begin PBXHeadersBuildPhase section */
		457FAAD92896AB79007702B3 /* Headers */ = {
			isa = PBXHeadersBuildPhase;
			buildActionMask = 2147483647;
			files = (
				457FAAE12896AB79007702B3 /* StorageService.h in Headers */,
			);
			runOnlyForDeploymentPostprocessing = 0;
		};
/* End PBXHeadersBuildPhase section */

/* Begin PBXNativeTarget section */
		457FAADD2896AB79007702B3 /* StorageService */ = {
			isa = PBXNativeTarget;
			buildConfigurationList = 457FAAE92896AB79007702B3 /* Build configuration list for PBXNativeTarget "StorageService" */;
			buildPhases = (
				457FAAD92896AB79007702B3 /* Headers */,
				457FAADA2896AB79007702B3 /* Sources */,
				457FAADB2896AB79007702B3 /* Frameworks */,
				457FAADC2896AB79007702B3 /* Resources */,
			);
			buildRules = (
			);
			dependencies = (
			);
			name = StorageService;
			productName = StorageService;
			productReference = 457FAADE2896AB79007702B3 /* StorageService.framework */;
			productType = "com.apple.product-type.framework";
		};
		45D31034272581B50034F6A2 /* Navigation */ = {
			isa = PBXNativeTarget;
			buildConfigurationList = 45D31049272581B60034F6A2 /* Build configuration list for PBXNativeTarget "Navigation" */;
			buildPhases = (
				45D31031272581B50034F6A2 /* Sources */,
				45D31032272581B50034F6A2 /* Frameworks */,
				45D31033272581B50034F6A2 /* Resources */,
				457FAAE62896AB79007702B3 /* Embed Frameworks */,
			);
			buildRules = (
			);
			dependencies = (
				457FAAE32896AB79007702B3 /* PBXTargetDependency */,
			);
			name = Navigation;
			packageProductDependencies = (
				45F535A628E71EDC0027686A /* iOSIntPackage */,
				45CA070A290D3978009D0815 /* FirebaseAnalytics */,
				45CA070C290D3978009D0815 /* FirebaseAuth */,
				45CA070E290D3978009D0815 /* FirebaseCrashlytics */,
				45CA0710290D3978009D0815 /* FirebaseDatabase */,
				45CA0712290D3978009D0815 /* FirebaseFirestore */,
				45CA0714290D3978009D0815 /* FirebaseStorage */,
				4542CDE2291BB898000C95DB /* Realm */,
				4542CDE4291BB898000C95DB /* RealmSwift */,
			);
			productName = Navigation;
			productReference = 45D31035272581B50034F6A2 /* Navigation.app */;
			productType = "com.apple.product-type.application";
		};
/* End PBXNativeTarget section */

/* Begin PBXProject section */
		45D3102D272581B50034F6A2 /* Project object */ = {
			isa = PBXProject;
			attributes = {
				BuildIndependentTargetsInParallel = 1;
				LastSwiftUpdateCheck = 1300;
				LastUpgradeCheck = 1300;
				TargetAttributes = {
					457FAADD2896AB79007702B3 = {
						CreatedOnToolsVersion = 13.4.1;
					};
					45D31034272581B50034F6A2 = {
						CreatedOnToolsVersion = 13.0;
					};
				};
			};
			buildConfigurationList = 45D31030272581B50034F6A2 /* Build configuration list for PBXProject "Navigation" */;
			compatibilityVersion = "Xcode 13.0";
			developmentRegion = en;
			hasScannedForEncodings = 0;
			knownRegions = (
				en,
				Base,
			);
			mainGroup = 45D3102C272581B50034F6A2;
			packageReferences = (
				45F535A528E71EDC0027686A /* XCRemoteSwiftPackageReference "iOSIntPackage" */,
				45CA0709290D3978009D0815 /* XCRemoteSwiftPackageReference "firebase-ios-sdk" */,
				4542CDE1291BB898000C95DB /* XCRemoteSwiftPackageReference "realm-swift" */,
			);
			productRefGroup = 45D31036272581B50034F6A2 /* Products */;
			projectDirPath = "";
			projectRoot = "";
			targets = (
				45D31034272581B50034F6A2 /* Navigation */,
				457FAADD2896AB79007702B3 /* StorageService */,
			);
		};
/* End PBXProject section */

/* Begin PBXResourcesBuildPhase section */
		457FAADC2896AB79007702B3 /* Resources */ = {
			isa = PBXResourcesBuildPhase;
			buildActionMask = 2147483647;
			files = (
			);
			runOnlyForDeploymentPostprocessing = 0;
		};
		45D31033272581B50034F6A2 /* Resources */ = {
			isa = PBXResourcesBuildPhase;
			buildActionMask = 2147483647;
			files = (
				45D31045272581B60034F6A2 /* LaunchScreen.storyboard in Resources */,
				45D31042272581B60034F6A2 /* Assets.xcassets in Resources */,
				45CA0708290D3770009D0815 /* GoogleService-Info.plist in Resources */,
			);
			runOnlyForDeploymentPostprocessing = 0;
		};
/* End PBXResourcesBuildPhase section */

/* Begin PBXSourcesBuildPhase section */
		457FAADA2896AB79007702B3 /* Sources */ = {
			isa = PBXSourcesBuildPhase;
			buildActionMask = 2147483647;
			files = (
				457FAAEA2896AB8F007702B3 /* Post.swift in Sources */,
			);
			runOnlyForDeploymentPostprocessing = 0;
		};
		45D31031272581B50034F6A2 /* Sources */ = {
			isa = PBXSourcesBuildPhase;
			buildActionMask = 2147483647;
			files = (
				45E949D728E4644200C48419 /* MyLoginFactory.swift in Sources */,
				45D3105527259D0F0034F6A2 /* PostViewController.swift in Sources */,
				45AD682D28E1F5F300E44A20 /* CurrentUserService.swift in Sources */,
				45AD682F28E2057400E44A20 /* TestUserService.swift in Sources */,
				45229FC22884777000EF150F /* PhotosViewController.swift in Sources */,
				45D310572725A7CB0034F6A2 /* FeedView.swift in Sources */,
				45D3103D272581B50034F6A2 /* ViewController.swift in Sources */,
				45229FC028846AAF00EF150F /* PhotosTableViewCell.swift in Sources */,
				458198C228EB2EA800A5C852 /* FeedCoordinator.swift in Sources */,
				458198B928EAE5BA00A5C852 /* FeedModel.swift in Sources */,
				458198C028EB2E8B00A5C852 /* ProfileCoordinator.swift in Sources */,
				45DFB8E5290BEAA000702567 /* PlanetModel.swift in Sources */,
				45CA0721290D5F2E009D0815 /* CheckerService.swift in Sources */,
				45D3104D272588D70034F6A2 /* TabBarController.swift in Sources */,
				45A72954288BE92200107918 /* ProfileRepository.swift in Sources */,
				45CA0723290D5F51009D0815 /* CheckerServiceProtocol.swift in Sources */,
				45229FB92884386700EF150F /* PostModel.swift in Sources */,
				4542CDEA291BED7F000C95DB /* FavoritesViewController.swift in Sources */,
				458198BC28EB2C1C00A5C852 /* RootTabBarViewController.swift in Sources */,
				45D3105F2725B6120034F6A2 /* InfoView.swift in Sources */,
				458198C528EB312F00A5C852 /* MainCoordinator.swift in Sources */,
				45DFB8DD290AE26200702567 /* NetworkManager.swift in Sources */,
				45DFB8DF290AF94500702567 /* AppConfiguration.swift in Sources */,
				458198BE28EB2C6F00A5C852 /* Factory.swift in Sources */,
				45229FB22883FA6900EF150F /* LogInViewController.swift in Sources */,
				45CA0727290E4DCA009D0815 /* FirebaseAuthorization.swift in Sources */,
				45AD682B28E1F59500E44A20 /* UserServiceProtocol.swift in Sources */,
				45229FC428847BB400EF150F /* PhotosCollectionViewCell.swift in Sources */,
				4542CDEC291BEF0C000C95DB /* FavoritesCoordinator.swift in Sources */,
				45D31039272581B50034F6A2 /* AppDelegate.swift in Sources */,
				45229FAE2883D64400EF150F /* ProfileHeaderView.swift in Sources */,
				45D3105127259BDC0034F6A2 /* FeedViewController.swift in Sources */,
				45DFB8E8290BEFC200702567 /* PlanetResidentsViewController.swift in Sources */,
				458198B728EAC47700A5C852 /* CustomButton.swift in Sources */,
				45E949D528E457FA00C48419 /* LoginInspector.swift in Sources */,
				45229FB02883D66700EF150F /* ProfileViewController.swift in Sources */,
				45D3105D2725B3690034F6A2 /* InfoViewController.swift in Sources */,
				45D3103B272581B50034F6A2 /* SceneDelegate.swift in Sources */,
				4542CDE7291BE45C000C95DB /* RootTabBarViewControllerProtocol.swift in Sources */,
				45229FBB28843E0400EF150F /* PostCell.swift in Sources */,
				454FDE2928EC6A5F000F8986 /* ProfileViewModel.swift in Sources */,
				452852B42913C1B3008DD62C /* AuthorizationModel.swift in Sources */,
				45E949D328E4573A00C48419 /* LoginViewControllerDelegate.swift in Sources */,
				45AD682928E1F51600E44A20 /* User.swift in Sources */,
				45DFB8EA290C137C00702567 /* ResidentModel.swift in Sources */,
				45E949D028E4560B00C48419 /* Checker.swift in Sources */,
				45CA0717290D3C27009D0815 /* LoginView.swift in Sources */,
				45DFB8E3290BDC8C00702567 /* NetworkError.swift in Sources */,
			);
			runOnlyForDeploymentPostprocessing = 0;
		};
/* End PBXSourcesBuildPhase section */

/* Begin PBXTargetDependency section */
		457FAAE32896AB79007702B3 /* PBXTargetDependency */ = {
			isa = PBXTargetDependency;
			target = 457FAADD2896AB79007702B3 /* StorageService */;
			targetProxy = 457FAAE22896AB79007702B3 /* PBXContainerItemProxy */;
		};
/* End PBXTargetDependency section */

/* Begin PBXVariantGroup section */
		45D31043272581B60034F6A2 /* LaunchScreen.storyboard */ = {
			isa = PBXVariantGroup;
			children = (
				45D31044272581B60034F6A2 /* Base */,
			);
			name = LaunchScreen.storyboard;
			sourceTree = "<group>";
		};
/* End PBXVariantGroup section */

/* Begin XCBuildConfiguration section */
		457FAAE72896AB79007702B3 /* Debug */ = {
			isa = XCBuildConfiguration;
			buildSettings = {
				CODE_SIGN_STYLE = Automatic;
				CURRENT_PROJECT_VERSION = 1;
				DEFINES_MODULE = YES;
				DYLIB_COMPATIBILITY_VERSION = 1;
				DYLIB_CURRENT_VERSION = 1;
				DYLIB_INSTALL_NAME_BASE = "@rpath";
				GENERATE_INFOPLIST_FILE = YES;
				INFOPLIST_KEY_NSHumanReadableCopyright = "";
				INSTALL_PATH = "$(LOCAL_LIBRARY_DIR)/Frameworks";
				IPHONEOS_DEPLOYMENT_TARGET = 15.0;
				LD_RUNPATH_SEARCH_PATHS = (
					"$(inherited)",
					"@executable_path/Frameworks",
					"@loader_path/Frameworks",
				);
				MARKETING_VERSION = 1.0;
				PRODUCT_BUNDLE_IDENTIFIER = MariaK.StorageService;
				PRODUCT_NAME = "$(TARGET_NAME:c99extidentifier)";
				SKIP_INSTALL = YES;
				SWIFT_EMIT_LOC_STRINGS = YES;
				SWIFT_VERSION = 5.0;
				TARGETED_DEVICE_FAMILY = "1,2";
				VERSIONING_SYSTEM = "apple-generic";
				VERSION_INFO_PREFIX = "";
			};
			name = Debug;
		};
		457FAAE82896AB79007702B3 /* Release */ = {
			isa = XCBuildConfiguration;
			buildSettings = {
				CODE_SIGN_STYLE = Automatic;
				CURRENT_PROJECT_VERSION = 1;
				DEFINES_MODULE = YES;
				DYLIB_COMPATIBILITY_VERSION = 1;
				DYLIB_CURRENT_VERSION = 1;
				DYLIB_INSTALL_NAME_BASE = "@rpath";
				GENERATE_INFOPLIST_FILE = YES;
				INFOPLIST_KEY_NSHumanReadableCopyright = "";
				INSTALL_PATH = "$(LOCAL_LIBRARY_DIR)/Frameworks";
				IPHONEOS_DEPLOYMENT_TARGET = 15.0;
				LD_RUNPATH_SEARCH_PATHS = (
					"$(inherited)",
					"@executable_path/Frameworks",
					"@loader_path/Frameworks",
				);
				MARKETING_VERSION = 1.0;
				PRODUCT_BUNDLE_IDENTIFIER = MariaK.StorageService;
				PRODUCT_NAME = "$(TARGET_NAME:c99extidentifier)";
				SKIP_INSTALL = YES;
				SWIFT_EMIT_LOC_STRINGS = YES;
				SWIFT_VERSION = 5.0;
				TARGETED_DEVICE_FAMILY = "1,2";
				VERSIONING_SYSTEM = "apple-generic";
				VERSION_INFO_PREFIX = "";
			};
			name = Release;
		};
		45D31047272581B60034F6A2 /* Debug */ = {
			isa = XCBuildConfiguration;
			buildSettings = {
				ALWAYS_SEARCH_USER_PATHS = NO;
				CLANG_ANALYZER_NONNULL = YES;
				CLANG_ANALYZER_NUMBER_OBJECT_CONVERSION = YES_AGGRESSIVE;
				CLANG_CXX_LANGUAGE_STANDARD = "gnu++17";
				CLANG_CXX_LIBRARY = "libc++";
				CLANG_ENABLE_MODULES = YES;
				CLANG_ENABLE_OBJC_ARC = YES;
				CLANG_ENABLE_OBJC_WEAK = YES;
				CLANG_WARN_BLOCK_CAPTURE_AUTORELEASING = YES;
				CLANG_WARN_BOOL_CONVERSION = YES;
				CLANG_WARN_COMMA = YES;
				CLANG_WARN_CONSTANT_CONVERSION = YES;
				CLANG_WARN_DEPRECATED_OBJC_IMPLEMENTATIONS = YES;
				CLANG_WARN_DIRECT_OBJC_ISA_USAGE = YES_ERROR;
				CLANG_WARN_DOCUMENTATION_COMMENTS = YES;
				CLANG_WARN_EMPTY_BODY = YES;
				CLANG_WARN_ENUM_CONVERSION = YES;
				CLANG_WARN_INFINITE_RECURSION = YES;
				CLANG_WARN_INT_CONVERSION = YES;
				CLANG_WARN_NON_LITERAL_NULL_CONVERSION = YES;
				CLANG_WARN_OBJC_IMPLICIT_RETAIN_SELF = YES;
				CLANG_WARN_OBJC_LITERAL_CONVERSION = YES;
				CLANG_WARN_OBJC_ROOT_CLASS = YES_ERROR;
				CLANG_WARN_QUOTED_INCLUDE_IN_FRAMEWORK_HEADER = YES;
				CLANG_WARN_RANGE_LOOP_ANALYSIS = YES;
				CLANG_WARN_STRICT_PROTOTYPES = YES;
				CLANG_WARN_SUSPICIOUS_MOVE = YES;
				CLANG_WARN_UNGUARDED_AVAILABILITY = YES_AGGRESSIVE;
				CLANG_WARN_UNREACHABLE_CODE = YES;
				CLANG_WARN__DUPLICATE_METHOD_MATCH = YES;
				COPY_PHASE_STRIP = NO;
				DEBUG_INFORMATION_FORMAT = dwarf;
				ENABLE_STRICT_OBJC_MSGSEND = YES;
				ENABLE_TESTABILITY = YES;
				GCC_C_LANGUAGE_STANDARD = gnu11;
				GCC_DYNAMIC_NO_PIC = NO;
				GCC_NO_COMMON_BLOCKS = YES;
				GCC_OPTIMIZATION_LEVEL = 0;
				GCC_PREPROCESSOR_DEFINITIONS = (
					"DEBUG=1",
					"$(inherited)",
				);
				GCC_WARN_64_TO_32_BIT_CONVERSION = YES;
				GCC_WARN_ABOUT_RETURN_TYPE = YES_ERROR;
				GCC_WARN_UNDECLARED_SELECTOR = YES;
				GCC_WARN_UNINITIALIZED_AUTOS = YES_AGGRESSIVE;
				GCC_WARN_UNUSED_FUNCTION = YES;
				GCC_WARN_UNUSED_VARIABLE = YES;
				IPHONEOS_DEPLOYMENT_TARGET = 15.0;
				MTL_ENABLE_DEBUG_INFO = INCLUDE_SOURCE;
				MTL_FAST_MATH = YES;
				ONLY_ACTIVE_ARCH = YES;
				SDKROOT = iphoneos;
				SWIFT_ACTIVE_COMPILATION_CONDITIONS = DEBUG;
				SWIFT_OPTIMIZATION_LEVEL = "-Onone";
			};
			name = Debug;
		};
		45D31048272581B60034F6A2 /* Release */ = {
			isa = XCBuildConfiguration;
			buildSettings = {
				ALWAYS_SEARCH_USER_PATHS = NO;
				CLANG_ANALYZER_NONNULL = YES;
				CLANG_ANALYZER_NUMBER_OBJECT_CONVERSION = YES_AGGRESSIVE;
				CLANG_CXX_LANGUAGE_STANDARD = "gnu++17";
				CLANG_CXX_LIBRARY = "libc++";
				CLANG_ENABLE_MODULES = YES;
				CLANG_ENABLE_OBJC_ARC = YES;
				CLANG_ENABLE_OBJC_WEAK = YES;
				CLANG_WARN_BLOCK_CAPTURE_AUTORELEASING = YES;
				CLANG_WARN_BOOL_CONVERSION = YES;
				CLANG_WARN_COMMA = YES;
				CLANG_WARN_CONSTANT_CONVERSION = YES;
				CLANG_WARN_DEPRECATED_OBJC_IMPLEMENTATIONS = YES;
				CLANG_WARN_DIRECT_OBJC_ISA_USAGE = YES_ERROR;
				CLANG_WARN_DOCUMENTATION_COMMENTS = YES;
				CLANG_WARN_EMPTY_BODY = YES;
				CLANG_WARN_ENUM_CONVERSION = YES;
				CLANG_WARN_INFINITE_RECURSION = YES;
				CLANG_WARN_INT_CONVERSION = YES;
				CLANG_WARN_NON_LITERAL_NULL_CONVERSION = YES;
				CLANG_WARN_OBJC_IMPLICIT_RETAIN_SELF = YES;
				CLANG_WARN_OBJC_LITERAL_CONVERSION = YES;
				CLANG_WARN_OBJC_ROOT_CLASS = YES_ERROR;
				CLANG_WARN_QUOTED_INCLUDE_IN_FRAMEWORK_HEADER = YES;
				CLANG_WARN_RANGE_LOOP_ANALYSIS = YES;
				CLANG_WARN_STRICT_PROTOTYPES = YES;
				CLANG_WARN_SUSPICIOUS_MOVE = YES;
				CLANG_WARN_UNGUARDED_AVAILABILITY = YES_AGGRESSIVE;
				CLANG_WARN_UNREACHABLE_CODE = YES;
				CLANG_WARN__DUPLICATE_METHOD_MATCH = YES;
				COPY_PHASE_STRIP = NO;
				DEBUG_INFORMATION_FORMAT = "dwarf-with-dsym";
				ENABLE_NS_ASSERTIONS = NO;
				ENABLE_STRICT_OBJC_MSGSEND = YES;
				GCC_C_LANGUAGE_STANDARD = gnu11;
				GCC_NO_COMMON_BLOCKS = YES;
				GCC_WARN_64_TO_32_BIT_CONVERSION = YES;
				GCC_WARN_ABOUT_RETURN_TYPE = YES_ERROR;
				GCC_WARN_UNDECLARED_SELECTOR = YES;
				GCC_WARN_UNINITIALIZED_AUTOS = YES_AGGRESSIVE;
				GCC_WARN_UNUSED_FUNCTION = YES;
				GCC_WARN_UNUSED_VARIABLE = YES;
				IPHONEOS_DEPLOYMENT_TARGET = 15.0;
				MTL_ENABLE_DEBUG_INFO = NO;
				MTL_FAST_MATH = YES;
				SDKROOT = iphoneos;
				SWIFT_COMPILATION_MODE = wholemodule;
				SWIFT_OPTIMIZATION_LEVEL = "-O";
				VALIDATE_PRODUCT = YES;
			};
			name = Release;
		};
		45D3104A272581B60034F6A2 /* Debug */ = {
			isa = XCBuildConfiguration;
			buildSettings = {
				ALWAYS_EMBED_SWIFT_STANDARD_LIBRARIES = YES;
				ASSETCATALOG_COMPILER_APPICON_NAME = AppIcon;
				ASSETCATALOG_COMPILER_GLOBAL_ACCENT_COLOR_NAME = AccentColor;
				CODE_SIGN_STYLE = Automatic;
				CURRENT_PROJECT_VERSION = 1;
				GENERATE_INFOPLIST_FILE = YES;
				INFOPLIST_FILE = Navigation/Info.plist;
				INFOPLIST_KEY_UIApplicationSupportsIndirectInputEvents = YES;
				INFOPLIST_KEY_UILaunchStoryboardName = LaunchScreen;
				INFOPLIST_KEY_UIMainStoryboardFile = LaunchScreen;
				INFOPLIST_KEY_UISupportedInterfaceOrientations_iPad = "UIInterfaceOrientationPortrait UIInterfaceOrientationPortraitUpsideDown UIInterfaceOrientationLandscapeLeft UIInterfaceOrientationLandscapeRight";
				INFOPLIST_KEY_UISupportedInterfaceOrientations_iPhone = "UIInterfaceOrientationPortrait UIInterfaceOrientationLandscapeLeft UIInterfaceOrientationLandscapeRight";
				LD_RUNPATH_SEARCH_PATHS = (
					"$(inherited)",
					"@executable_path/Frameworks",
				);
				MARKETING_VERSION = 1.0;
				PRODUCT_BUNDLE_IDENTIFIER = com.netology.Navigation;
				PRODUCT_NAME = "$(TARGET_NAME)";
				SWIFT_EMIT_LOC_STRINGS = YES;
				SWIFT_VERSION = 5.0;
				TARGETED_DEVICE_FAMILY = "1,2";
			};
			name = Debug;
		};
		45D3104B272581B60034F6A2 /* Release */ = {
			isa = XCBuildConfiguration;
			buildSettings = {
				ALWAYS_EMBED_SWIFT_STANDARD_LIBRARIES = YES;
				ASSETCATALOG_COMPILER_APPICON_NAME = AppIcon;
				ASSETCATALOG_COMPILER_GLOBAL_ACCENT_COLOR_NAME = AccentColor;
				CODE_SIGN_STYLE = Automatic;
				CURRENT_PROJECT_VERSION = 1;
				GENERATE_INFOPLIST_FILE = YES;
				INFOPLIST_FILE = Navigation/Info.plist;
				INFOPLIST_KEY_UIApplicationSupportsIndirectInputEvents = YES;
				INFOPLIST_KEY_UILaunchStoryboardName = LaunchScreen;
				INFOPLIST_KEY_UIMainStoryboardFile = LaunchScreen;
				INFOPLIST_KEY_UISupportedInterfaceOrientations_iPad = "UIInterfaceOrientationPortrait UIInterfaceOrientationPortraitUpsideDown UIInterfaceOrientationLandscapeLeft UIInterfaceOrientationLandscapeRight";
				INFOPLIST_KEY_UISupportedInterfaceOrientations_iPhone = "UIInterfaceOrientationPortrait UIInterfaceOrientationLandscapeLeft UIInterfaceOrientationLandscapeRight";
				LD_RUNPATH_SEARCH_PATHS = (
					"$(inherited)",
					"@executable_path/Frameworks",
				);
				MARKETING_VERSION = 1.0;
				ONLY_ACTIVE_ARCH = YES;
				PRODUCT_BUNDLE_IDENTIFIER = com.netology.Navigation;
				PRODUCT_NAME = "$(TARGET_NAME)";
				SWIFT_EMIT_LOC_STRINGS = YES;
				SWIFT_VERSION = 5.0;
				TARGETED_DEVICE_FAMILY = "1,2";
			};
			name = Release;
		};
/* End XCBuildConfiguration section */

/* Begin XCConfigurationList section */
		457FAAE92896AB79007702B3 /* Build configuration list for PBXNativeTarget "StorageService" */ = {
			isa = XCConfigurationList;
			buildConfigurations = (
				457FAAE72896AB79007702B3 /* Debug */,
				457FAAE82896AB79007702B3 /* Release */,
			);
			defaultConfigurationIsVisible = 0;
			defaultConfigurationName = Release;
		};
		45D31030272581B50034F6A2 /* Build configuration list for PBXProject "Navigation" */ = {
			isa = XCConfigurationList;
			buildConfigurations = (
				45D31047272581B60034F6A2 /* Debug */,
				45D31048272581B60034F6A2 /* Release */,
			);
			defaultConfigurationIsVisible = 0;
			defaultConfigurationName = Release;
		};
		45D31049272581B60034F6A2 /* Build configuration list for PBXNativeTarget "Navigation" */ = {
			isa = XCConfigurationList;
			buildConfigurations = (
				45D3104A272581B60034F6A2 /* Debug */,
				45D3104B272581B60034F6A2 /* Release */,
			);
			defaultConfigurationIsVisible = 0;
			defaultConfigurationName = Release;
		};
/* End XCConfigurationList section */

/* Begin XCRemoteSwiftPackageReference section */
		4542CDE1291BB898000C95DB /* XCRemoteSwiftPackageReference "realm-swift" */ = {
			isa = XCRemoteSwiftPackageReference;
			repositoryURL = "https://github.com/realm/realm-swift.git";
			requirement = {
				kind = upToNextMajorVersion;
				minimumVersion = 10.32.2;
			};
		};
		45CA0709290D3978009D0815 /* XCRemoteSwiftPackageReference "firebase-ios-sdk" */ = {
			isa = XCRemoteSwiftPackageReference;
			repositoryURL = "https://github.com/firebase/firebase-ios-sdk";
			requirement = {
				kind = upToNextMajorVersion;
				minimumVersion = 9.0.0;
			};
		};
		45F535A528E71EDC0027686A /* XCRemoteSwiftPackageReference "iOSIntPackage" */ = {
			isa = XCRemoteSwiftPackageReference;
			repositoryURL = "https://github.com/TrueMax/iOSIntPackage";
			requirement = {
				branch = imagepublisher;
				kind = branch;
			};
		};
/* End XCRemoteSwiftPackageReference section */

/* Begin XCSwiftPackageProductDependency section */
		4542CDE2291BB898000C95DB /* Realm */ = {
			isa = XCSwiftPackageProductDependency;
			package = 4542CDE1291BB898000C95DB /* XCRemoteSwiftPackageReference "realm-swift" */;
			productName = Realm;
		};
		4542CDE4291BB898000C95DB /* RealmSwift */ = {
			isa = XCSwiftPackageProductDependency;
			package = 4542CDE1291BB898000C95DB /* XCRemoteSwiftPackageReference "realm-swift" */;
			productName = RealmSwift;
		};
		45CA070A290D3978009D0815 /* FirebaseAnalytics */ = {
			isa = XCSwiftPackageProductDependency;
			package = 45CA0709290D3978009D0815 /* XCRemoteSwiftPackageReference "firebase-ios-sdk" */;
			productName = FirebaseAnalytics;
		};
		45CA070C290D3978009D0815 /* FirebaseAuth */ = {
			isa = XCSwiftPackageProductDependency;
			package = 45CA0709290D3978009D0815 /* XCRemoteSwiftPackageReference "firebase-ios-sdk" */;
			productName = FirebaseAuth;
		};
		45CA070E290D3978009D0815 /* FirebaseCrashlytics */ = {
			isa = XCSwiftPackageProductDependency;
			package = 45CA0709290D3978009D0815 /* XCRemoteSwiftPackageReference "firebase-ios-sdk" */;
			productName = FirebaseCrashlytics;
		};
		45CA0710290D3978009D0815 /* FirebaseDatabase */ = {
			isa = XCSwiftPackageProductDependency;
			package = 45CA0709290D3978009D0815 /* XCRemoteSwiftPackageReference "firebase-ios-sdk" */;
			productName = FirebaseDatabase;
		};
		45CA0712290D3978009D0815 /* FirebaseFirestore */ = {
			isa = XCSwiftPackageProductDependency;
			package = 45CA0709290D3978009D0815 /* XCRemoteSwiftPackageReference "firebase-ios-sdk" */;
			productName = FirebaseFirestore;
		};
		45CA0714290D3978009D0815 /* FirebaseStorage */ = {
			isa = XCSwiftPackageProductDependency;
			package = 45CA0709290D3978009D0815 /* XCRemoteSwiftPackageReference "firebase-ios-sdk" */;
			productName = FirebaseStorage;
		};
		45F535A628E71EDC0027686A /* iOSIntPackage */ = {
			isa = XCSwiftPackageProductDependency;
			package = 45F535A528E71EDC0027686A /* XCRemoteSwiftPackageReference "iOSIntPackage" */;
			productName = iOSIntPackage;
		};
/* End XCSwiftPackageProductDependency section */
	};
	rootObject = 45D3102D272581B50034F6A2 /* Project object */;
}
